github.com/gethugothemes/hugo-modules/accordion v0.0.0-20250224032326-8029694c1696 h1:P+ikhNxs+CxPJu6tUZ/xQTtqJlhxw6AVaVr8PU5r7YY=
github.com/gethugothemes/hugo-modules/accordion v0.0.0-20250224032326-8029694c1696/go.mod h1:D4DpauKPDcUHI9CVKYmJeO6bkSJIhUN864TyXZ2o0VI=
github.com/gethugothemes/hugo-modules/adsense v0.0.0-20250224032326-8029694c1696 h1:Z+tTpbzGD9aGjZeInXKJUKVUYSgBttChw8889mu4XUc=
github.com/gethugothemes/hugo-modules/adsense v0.0.0-20250224032326-8029694c1696/go.mod h1:8p/gG/cyyu20z4q5cFN/JGE5TOFA55Xsp+aIP9KCsqo=
github.com/gethugothemes/hugo-modules/components/announcement v0.0.0-20250224032326-8029694c1696 h1:dai5HWv5ITrFCuG7QyqIa4DpqZZRG9H/cIGlJPLSuNY=
github.com/gethugothemes/hugo-modules/components/announcement v0.0.0-20250224032326-8029694c1696/go.mod h1:BO6vbFLvEgb45epi/QtUkQmTyqsWSwxIqTpwDvqJFHk=
github.com/gethugothemes/hugo-modules/components/cookie-consent v0.0.0-20250224032326-8029694c1696 h1:TjEYLXpHuX2xpKQqH/rA6SMGr1ABE07cVqPT/5P4XK0=
github.com/gethugothemes/hugo-modules/components/cookie-consent v0.0.0-20250224032326-8029694c1696/go.mod h1:511ERLpGe3ZTfV2z/NAtUSR5NqKF26h9z5lU/zYV4YQ=
github.com/gethugothemes/hugo-modules/components/custom-script v0.0.0-20250224032326-8029694c1696 h1:MHdfwine0WeGFNvdEXgRJ8VEsgItqo87m2I83wb8/14=
github.com/gethugothemes/hugo-modules/components/custom-script v0.0.0-20250224032326-8029694c1696/go.mod h1:RuDHq4WnK8sNEzAIJr4BZQ7oXhzcct/EKaAxc2Xvi9E=
github.com/gethugothemes/hugo-modules/components/preloader v0.0.0-20250224032326-8029694c1696 h1:5IKwNPU99DPiU4L2BIQzRtjqG0182XLYbYsJPSAPGvI=
github.com/gethugothemes/hugo-modules/components/preloader v0.0.0-20250224032326-8029694c1696/go.mod h1:FP0iQ3tMOesuWFZhLst2KEvUEYPb5Jk1GW+QBP9lrwg=
github.com/gethugothemes/hugo-modules/components/render-link v0.0.0-20250224032326-8029694c1696 h1:XU/IW/dcmagOC0YF5iDdhUyGYCXF5AK/opzeIYIcehQ=
github.com/gethugothemes/hugo-modules/components/render-link v0.0.0-20250224032326-8029694c1696/go.mod h1:z3YcIeEBUonAoRDY1/Jv1ojNVkZ5ud35a0Nn8L4Inx0=
github.com/gethugothemes/hugo-modules/components/social-share v0.0.0-20250224032326-8029694c1696 h1:NmagnYwjp0aKBVIaotYmiwnhhF3ie4XjeCYb74+ishk=
github.com/gethugothemes/hugo-modules/components/social-share v0.0.0-20250224032326-8029694c1696/go.mod h1:Gcj4RM/EBECsJMZnPeWjfy/1roRYGqzV9GYNmeHkvFA=
github.com/gethugothemes/hugo-modules/gallery-slider v0.0.0-20250224032326-8029694c1696 h1:y/OS9nFmEL3cSSK3Z3hjnIwisIN1KkM/wk/PGN93Xb8=
github.com/gethugothemes/hugo-modules/gallery-slider v0.0.0-20250224032326-8029694c1696/go.mod h1:MvQ2js/ofZ22CTX5wuvE+dC0rMe6C5HAWL2fEOu/yzE=
github.com/gethugothemes/hugo-modules/gzip-caching v0.0.0-20250224032326-8029694c1696 h1:F59zMXKUAN+0lJUUWj4mr69p/FC3JHsq8sIci2Gs+Fo=
github.com/gethugothemes/hugo-modules/gzip-caching v0.0.0-20250224032326-8029694c1696/go.mod h1:0ZMjTZVG4XLZU2/icc8Saqo4mmgMpfRTrUZU2Aa2Pwg=
github.com/gethugothemes/hugo-modules/icons/font-awesome v0.0.0-20250224032326-8029694c1696 h1:gS5yjNy0m7MDMnGqIiQFz1NrKo0aZp6AFBBi1ZZtOB0=
github.com/gethugothemes/hugo-modules/icons/font-awesome v0.0.0-20250224032326-8029694c1696/go.mod h1:d3gy1vQyfasPmGpau7HpQLrXbOv23PfXclSnjyOBxeU=
github.com/gethugothemes/hugo-modules/images v0.0.0-20250224032326-8029694c1696 h1:OfcFRXrN9w0dVB1RBueNaoTzDqDgxRHmnyR1D4qkQ2s=
github.com/gethugothemes/hugo-modules/images v0.0.0-20250224032326-8029694c1696/go.mod h1:FKliP3qOW9diIcQeLtyZ0Hdhg3PL8bdAkC/6O+XtU90=
github.com/gethugothemes/hugo-modules/modal v0.0.0-20250224032326-8029694c1696 h1:PEmzNR1E8HSwGljPl/QAwPfxNc01voUGYp0bFIyRSPM=
github.com/gethugothemes/hugo-modules/modal v0.0.0-20250224032326-8029694c1696/go.mod h1:Eb9v7oV6biymfvjcBhQdvgn0gUGYhUtfCMeOBLFpFsk=
github.com/gethugothemes/hugo-modules/pwa v0.0.0-20250224032326-8029694c1696 h1:Wx9do1K3WY8Jj4srRe1FpuJHTYFwWSPucQ8Z+horU1g=
github.com/gethugothemes/hugo-modules/pwa v0.0.0-20250224032326-8029694c1696/go.mod h1:TRv7iszdfo37O1PbBEE+S8X/enAdpRIxK5DGrp13Qbo=
github.com/gethugothemes/hugo-modules/search v0.0.0-20250224032326-8029694c1696 h1:IW5cWmRP9pUD/AsRnXmj5moiTO1iWC/EnpA1LrlxPww=
github.com/gethugothemes/hugo-modules/search v0.0.0-20250224032326-8029694c1696/go.mod h1:tmDvLaZCM+QDvS/WLZXNjY1QTdWh7/68D2wIToECbyA=
github.com/gethugothemes/hugo-modules/seo-tools/basic-seo v0.0.0-20250224032326-8029694c1696 h1:18hdmO3v7dJUA/SlSEw4Ot5Hkr0uJP0dn3bLZkNrrRM=
github.com/gethugothemes/hugo-modules/seo-tools/basic-seo v0.0.0-20250224032326-8029694c1696/go.mod h1:Q8dPgjamV7pxwKSQyWV21Xwh5CGi23/k+M8HPTphYbs=
github.com/gethugothemes/hugo-modules/seo-tools/google-tag-manager v0.0.0-20250224032326-8029694c1696 h1:0GmC04ywPQSG45uGQ6hfUId2PaZSFz8t2BmnxDQ0HrI=
github.com/gethugothemes/hugo-modules/seo-tools/google-tag-manager v0.0.0-20250224032326-8029694c1696/go.mod h1:cCq50yd55eFTrpqOfeyOK5X0hU5E7qxsqOD7IzTsgLA=
github.com/gethugothemes/hugo-modules/seo-tools/site-verifications v0.0.0-20250224032326-8029694c1696 h1:e5Wbc/rWXbn+3D3c0IK+SlgtqoGyIcBEu64FpXyeP8s=
github.com/gethugothemes/hugo-modules/seo-tools/site-verifications v0.0.0-20250224032326-8029694c1696/go.mod h1:iXielaya126qJscz7Bc2G2WB91moloQOoWru6UoBUyE=
github.com/gethugothemes/hugo-modules/shortcodes/button v0.0.0-20250224032326-8029694c1696 h1:HwYRYiPE70moPAuckyqfJD0jm4LN0spnWD4S9utN45s=
github.com/gethugothemes/hugo-modules/shortcodes/button v0.0.0-20250224032326-8029694c1696/go.mod h1:MSvxGvjvcGUKTs6YMATU/9kYFrzW+VSVdy4CCOQLdsY=
github.com/gethugothemes/hugo-modules/shortcodes/notice v0.0.0-20250224032326-8029694c1696 h1:rzdXBT4STIgxFwmEn6DEu5Jv0e6JgI4ZZO7KE+VROdY=
github.com/gethugothemes/hugo-modules/shortcodes/notice v0.0.0-20250224032326-8029694c1696/go.mod h1:ljWyMJx82WA+6SlKjbGFhEdxcriyvUTCjXkJHDa4lho=
github.com/gethugothemes/hugo-modules/tab v0.0.0-20250224032326-8029694c1696 h1:j5ptEPZFjoCsm+xf/nzVABhTDgvOSoJWCMxL5g5rn5g=
github.com/gethugothemes/hugo-modules/tab v0.0.0-20250224032326-8029694c1696/go.mod h1:h3UxlxrFoU19JldxWLPBKaTZFe3AJtABrqo1wfxr+Ng=
github.com/gethugothemes/hugo-modules/table-of-contents v0.0.0-20250224032326-8029694c1696 h1:yMdE4QagHHJdx08myDiuaSmNpRt+CAMj7Uewr80lARs=
github.com/gethugothemes/hugo-modules/table-of-contents v0.0.0-20250224032326-8029694c1696/go.mod h1:bEDw4veccQQQYEdVrfu13ATRUWfW8ptDIjJZuhYh4Tw=
github.com/gethugothemes/hugo-modules/videos v0.0.0-20250224032326-8029694c1696 h1:EoR5+Qa1159MnKj/ivxVKFv3FVvoMOZPOsaDOozeW/w=
github.com/gethugothemes/hugo-modules/videos v0.0.0-20250224032326-8029694c1696/go.mod h1:P722lLWdnNhdZVq6gvMrOLqECUwrAYQWaOWlChta5H0=
github.com/hugomods/mermaid v0.1.4 h1:/u0FZRSBMpqTbDh4XPBL7c6p0DUjvIkoo9cC89GASSI=
github.com/hugomods/mermaid v0.1.4/go.mod h1:GOID2Ko1vdrX03ZMaFNQL/vdTU1tZmGcVjOgBN8O42Y=
github.com/zeon-studio/hugoplate v0.0.0-20250223033942-a028ddccd6e2 h1:Norh4AYxZtIugm4iglykN3YGdaZQ591wz5/8r3Q3hTI=
github.com/zeon-studio/hugoplate v0.0.0-20250223033942-a028ddccd6e2/go.mod h1:YlRIwdTWidquf1dhtx+mDfu0I3KVrVQB4wi4UmHlK3E=
