github.com/gethugothemes/hugo-modules/accordion v0.0.0-20250224032326-8029694c1696 h1:P+ikhNxs+CxPJu6tUZ/xQTtqJlhxw6AVaVr8PU5r7YY=
github.com/gethugothemes/hugo-modules/accordion v0.0.0-20250224032326-8029694c1696/go.mod h1:D4DpauKPDcUHI9CVKYmJeO6bkSJIhUN864TyXZ2o0VI=
github.com/gethugothemes/hugo-modules/accordion v0.0.0-20250302032254-95e856a2b3fc h1:vAOclCT7wUZdtS6VeM5ISybhTJJrc7W43oI2ctUX2f4=
github.com/gethugothemes/hugo-modules/accordion v0.0.0-20250302032254-95e856a2b3fc/go.mod h1:D4DpauKPDcUHI9CVKYmJeO6bkSJIhUN864TyXZ2o0VI=
github.com/gethugothemes/hugo-modules/accordion v0.0.0-20250306074534-f5c3a047e69c h1:KRONvvj+eXrBli3xpbPSczY1ROAMZgv16d52vyYL4K0=
github.com/gethugothemes/hugo-modules/accordion v0.0.0-20250306074534-f5c3a047e69c/go.mod h1:D4DpauKPDcUHI9CVKYmJeO6bkSJIhUN864TyXZ2o0VI=
github.com/gethugothemes/hugo-modules/accordion v0.0.0-20250702070945-cd8319c6b26e h1:yeUGenAenE/TAr+h4N1d9u8TMqZFgyk3RkJg87HY8bY=
github.com/gethugothemes/hugo-modules/accordion v0.0.0-20250702070945-cd8319c6b26e/go.mod h1:D4DpauKPDcUHI9CVKYmJeO6bkSJIhUN864TyXZ2o0VI=
github.com/gethugothemes/hugo-modules/adsense v0.0.0-20250224032326-8029694c1696 h1:Z+tTpbzGD9aGjZeInXKJUKVUYSgBttChw8889mu4XUc=
github.com/gethugothemes/hugo-modules/adsense v0.0.0-20250224032326-8029694c1696/go.mod h1:8p/gG/cyyu20z4q5cFN/JGE5TOFA55Xsp+aIP9KCsqo=
github.com/gethugothemes/hugo-modules/adsense v0.0.0-20250302032254-95e856a2b3fc h1:H9EjJgBB7vfddDUSANcEnW4VfgTb0ORIInK73BhojeY=
github.com/gethugothemes/hugo-modules/adsense v0.0.0-20250302032254-95e856a2b3fc/go.mod h1:8p/gG/cyyu20z4q5cFN/JGE5TOFA55Xsp+aIP9KCsqo=
github.com/gethugothemes/hugo-modules/adsense v0.0.0-20250306074534-f5c3a047e69c h1:wnXjMzTSkcZrH2hXwoZquDKDA8yXDAjRBIyMUOtQJAA=
github.com/gethugothemes/hugo-modules/adsense v0.0.0-20250306074534-f5c3a047e69c/go.mod h1:8p/gG/cyyu20z4q5cFN/JGE5TOFA55Xsp+aIP9KCsqo=
github.com/gethugothemes/hugo-modules/adsense v0.0.0-20250702070945-cd8319c6b26e h1:IlTqtQ0ZRSc4ft7yME2x4HVOvNjXsQdf2j67ohlMCuA=
github.com/gethugothemes/hugo-modules/adsense v0.0.0-20250702070945-cd8319c6b26e/go.mod h1:8p/gG/cyyu20z4q5cFN/JGE5TOFA55Xsp+aIP9KCsqo=
github.com/gethugothemes/hugo-modules/components/announcement v0.0.0-20250224032326-8029694c1696 h1:dai5HWv5ITrFCuG7QyqIa4DpqZZRG9H/cIGlJPLSuNY=
github.com/gethugothemes/hugo-modules/components/announcement v0.0.0-20250224032326-8029694c1696/go.mod h1:BO6vbFLvEgb45epi/QtUkQmTyqsWSwxIqTpwDvqJFHk=
github.com/gethugothemes/hugo-modules/components/announcement v0.0.0-20250302032254-95e856a2b3fc h1:W0jbXsYLe4gKY7kdjYOu/daDVqvUmtc6St6EN/IbjQQ=
github.com/gethugothemes/hugo-modules/components/announcement v0.0.0-20250302032254-95e856a2b3fc/go.mod h1:BO6vbFLvEgb45epi/QtUkQmTyqsWSwxIqTpwDvqJFHk=
github.com/gethugothemes/hugo-modules/components/announcement v0.0.0-20250306074534-f5c3a047e69c h1:y36snTO9SsIaRpXgcG5oBMHImE4lP3laFz6KezFYZpA=
github.com/gethugothemes/hugo-modules/components/announcement v0.0.0-20250306074534-f5c3a047e69c/go.mod h1:BO6vbFLvEgb45epi/QtUkQmTyqsWSwxIqTpwDvqJFHk=
github.com/gethugothemes/hugo-modules/components/announcement v0.0.0-20250702070945-cd8319c6b26e h1:2JEKTRrXsdnTBVifiQF2VpVx+an/cTq8tlYh8phc99k=
github.com/gethugothemes/hugo-modules/components/announcement v0.0.0-20250702070945-cd8319c6b26e/go.mod h1:BO6vbFLvEgb45epi/QtUkQmTyqsWSwxIqTpwDvqJFHk=
github.com/gethugothemes/hugo-modules/components/cookie-consent v0.0.0-20250224032326-8029694c1696 h1:TjEYLXpHuX2xpKQqH/rA6SMGr1ABE07cVqPT/5P4XK0=
github.com/gethugothemes/hugo-modules/components/cookie-consent v0.0.0-20250224032326-8029694c1696/go.mod h1:511ERLpGe3ZTfV2z/NAtUSR5NqKF26h9z5lU/zYV4YQ=
github.com/gethugothemes/hugo-modules/components/cookie-consent v0.0.0-20250302032254-95e856a2b3fc h1:gZ4AbDxWo+olS3OBa3OLMRdnO2J4B+LJKl5tojsuTig=
github.com/gethugothemes/hugo-modules/components/cookie-consent v0.0.0-20250302032254-95e856a2b3fc/go.mod h1:511ERLpGe3ZTfV2z/NAtUSR5NqKF26h9z5lU/zYV4YQ=
github.com/gethugothemes/hugo-modules/components/cookie-consent v0.0.0-20250306074534-f5c3a047e69c h1:Rens1c6etnHfzpchAz6qqNtoEToysCJcgCNk6qzVqzo=
github.com/gethugothemes/hugo-modules/components/cookie-consent v0.0.0-20250306074534-f5c3a047e69c/go.mod h1:511ERLpGe3ZTfV2z/NAtUSR5NqKF26h9z5lU/zYV4YQ=
github.com/gethugothemes/hugo-modules/components/cookie-consent v0.0.0-20250702070945-cd8319c6b26e h1:2ESPpEOSc4UnrvuP403RRkH+8ZNDONAmYWKk2iGPQoE=
github.com/gethugothemes/hugo-modules/components/cookie-consent v0.0.0-20250702070945-cd8319c6b26e/go.mod h1:511ERLpGe3ZTfV2z/NAtUSR5NqKF26h9z5lU/zYV4YQ=
github.com/gethugothemes/hugo-modules/components/custom-script v0.0.0-20250224032326-8029694c1696 h1:MHdfwine0WeGFNvdEXgRJ8VEsgItqo87m2I83wb8/14=
github.com/gethugothemes/hugo-modules/components/custom-script v0.0.0-20250224032326-8029694c1696/go.mod h1:RuDHq4WnK8sNEzAIJr4BZQ7oXhzcct/EKaAxc2Xvi9E=
github.com/gethugothemes/hugo-modules/components/custom-script v0.0.0-20250302032254-95e856a2b3fc h1:miKm83NCK3oZwZW7dNnNhQfugIADEV0XVxN1BZmCIKQ=
github.com/gethugothemes/hugo-modules/components/custom-script v0.0.0-20250302032254-95e856a2b3fc/go.mod h1:RuDHq4WnK8sNEzAIJr4BZQ7oXhzcct/EKaAxc2Xvi9E=
github.com/gethugothemes/hugo-modules/components/custom-script v0.0.0-20250306074534-f5c3a047e69c h1:14hLxiwbLYP+I99/w/RhgpKV6pUn8Vuf3BNEk856AdI=
github.com/gethugothemes/hugo-modules/components/custom-script v0.0.0-20250306074534-f5c3a047e69c/go.mod h1:RuDHq4WnK8sNEzAIJr4BZQ7oXhzcct/EKaAxc2Xvi9E=
github.com/gethugothemes/hugo-modules/components/custom-script v0.0.0-20250702070945-cd8319c6b26e h1:5YQBKlrbIRSSw7VjPZjEg5wZ6xVVXSfQdxoB2dZdp5w=
github.com/gethugothemes/hugo-modules/components/custom-script v0.0.0-20250702070945-cd8319c6b26e/go.mod h1:RuDHq4WnK8sNEzAIJr4BZQ7oXhzcct/EKaAxc2Xvi9E=
github.com/gethugothemes/hugo-modules/components/preloader v0.0.0-20250224032326-8029694c1696 h1:5IKwNPU99DPiU4L2BIQzRtjqG0182XLYbYsJPSAPGvI=
github.com/gethugothemes/hugo-modules/components/preloader v0.0.0-20250224032326-8029694c1696/go.mod h1:FP0iQ3tMOesuWFZhLst2KEvUEYPb5Jk1GW+QBP9lrwg=
github.com/gethugothemes/hugo-modules/components/preloader v0.0.0-20250302032254-95e856a2b3fc h1:HRdtX+5qjmMFuNosqOts2lj24WJ3P1BWZGKr0I1EVys=
github.com/gethugothemes/hugo-modules/components/preloader v0.0.0-20250302032254-95e856a2b3fc/go.mod h1:FP0iQ3tMOesuWFZhLst2KEvUEYPb5Jk1GW+QBP9lrwg=
github.com/gethugothemes/hugo-modules/components/preloader v0.0.0-20250306074534-f5c3a047e69c h1:kRFgS3eJ0Nxq8wagat6SThraYTDEZ9fnzoRf1k9jOBI=
github.com/gethugothemes/hugo-modules/components/preloader v0.0.0-20250306074534-f5c3a047e69c/go.mod h1:FP0iQ3tMOesuWFZhLst2KEvUEYPb5Jk1GW+QBP9lrwg=
github.com/gethugothemes/hugo-modules/components/preloader v0.0.0-20250702070945-cd8319c6b26e h1:0+Fyqpcl6RSmeuznyp53fWdx/UmSebx4J66q3KWurxk=
github.com/gethugothemes/hugo-modules/components/preloader v0.0.0-20250702070945-cd8319c6b26e/go.mod h1:FP0iQ3tMOesuWFZhLst2KEvUEYPb5Jk1GW+QBP9lrwg=
github.com/gethugothemes/hugo-modules/components/render-link v0.0.0-20250224032326-8029694c1696 h1:XU/IW/dcmagOC0YF5iDdhUyGYCXF5AK/opzeIYIcehQ=
github.com/gethugothemes/hugo-modules/components/render-link v0.0.0-20250224032326-8029694c1696/go.mod h1:z3YcIeEBUonAoRDY1/Jv1ojNVkZ5ud35a0Nn8L4Inx0=
github.com/gethugothemes/hugo-modules/components/render-link v0.0.0-20250302032254-95e856a2b3fc h1:+xEDZX3d39OmdKvytnppwd1DmL8jiqvo63mVSk0G2AA=
github.com/gethugothemes/hugo-modules/components/render-link v0.0.0-20250302032254-95e856a2b3fc/go.mod h1:z3YcIeEBUonAoRDY1/Jv1ojNVkZ5ud35a0Nn8L4Inx0=
github.com/gethugothemes/hugo-modules/components/render-link v0.0.0-20250306074534-f5c3a047e69c h1:g1/fcOFVSiq65REh5IUq93akzEup+Ke4qiQBk0TURDk=
github.com/gethugothemes/hugo-modules/components/render-link v0.0.0-20250306074534-f5c3a047e69c/go.mod h1:z3YcIeEBUonAoRDY1/Jv1ojNVkZ5ud35a0Nn8L4Inx0=
github.com/gethugothemes/hugo-modules/components/render-link v0.0.0-20250702070945-cd8319c6b26e h1:RLVNVedKWohxb+/0rDwf0WcWDYcjDjQsEVwAsODojBc=
github.com/gethugothemes/hugo-modules/components/render-link v0.0.0-20250702070945-cd8319c6b26e/go.mod h1:z3YcIeEBUonAoRDY1/Jv1ojNVkZ5ud35a0Nn8L4Inx0=
github.com/gethugothemes/hugo-modules/components/social-share v0.0.0-20250224032326-8029694c1696 h1:NmagnYwjp0aKBVIaotYmiwnhhF3ie4XjeCYb74+ishk=
github.com/gethugothemes/hugo-modules/components/social-share v0.0.0-20250224032326-8029694c1696/go.mod h1:Gcj4RM/EBECsJMZnPeWjfy/1roRYGqzV9GYNmeHkvFA=
github.com/gethugothemes/hugo-modules/components/social-share v0.0.0-20250302032254-95e856a2b3fc h1:sbM62+ihF5kSlNjDVwCkJ4fvNbcjapwFUlHSqmR57tA=
github.com/gethugothemes/hugo-modules/components/social-share v0.0.0-20250302032254-95e856a2b3fc/go.mod h1:Gcj4RM/EBECsJMZnPeWjfy/1roRYGqzV9GYNmeHkvFA=
github.com/gethugothemes/hugo-modules/components/social-share v0.0.0-20250306074534-f5c3a047e69c h1:Nb3t0rX63obZbPcXk8ktqxQk+GF8BlMQ0wCON86QRDg=
github.com/gethugothemes/hugo-modules/components/social-share v0.0.0-20250306074534-f5c3a047e69c/go.mod h1:Gcj4RM/EBECsJMZnPeWjfy/1roRYGqzV9GYNmeHkvFA=
github.com/gethugothemes/hugo-modules/components/social-share v0.0.0-20250702070945-cd8319c6b26e h1:O5rS96mOri+c4fwIhR+gsAiCvNu1gN/7YWiY69k4th4=
github.com/gethugothemes/hugo-modules/components/social-share v0.0.0-20250702070945-cd8319c6b26e/go.mod h1:Gcj4RM/EBECsJMZnPeWjfy/1roRYGqzV9GYNmeHkvFA=
github.com/gethugothemes/hugo-modules/gallery-slider v0.0.0-20250224032326-8029694c1696 h1:y/OS9nFmEL3cSSK3Z3hjnIwisIN1KkM/wk/PGN93Xb8=
github.com/gethugothemes/hugo-modules/gallery-slider v0.0.0-20250224032326-8029694c1696/go.mod h1:MvQ2js/ofZ22CTX5wuvE+dC0rMe6C5HAWL2fEOu/yzE=
github.com/gethugothemes/hugo-modules/gallery-slider v0.0.0-20250302032254-95e856a2b3fc h1:p9e8SpExLyhcU2cRt1qRkVvjFwbv/7kbIw9VZ3aAo3c=
github.com/gethugothemes/hugo-modules/gallery-slider v0.0.0-20250302032254-95e856a2b3fc/go.mod h1:MvQ2js/ofZ22CTX5wuvE+dC0rMe6C5HAWL2fEOu/yzE=
github.com/gethugothemes/hugo-modules/gallery-slider v0.0.0-20250306074534-f5c3a047e69c h1:c9oWeYZvDKHhtqRRFKiPojwh2UuwLJ47Tul7UVB5yWU=
github.com/gethugothemes/hugo-modules/gallery-slider v0.0.0-20250306074534-f5c3a047e69c/go.mod h1:MvQ2js/ofZ22CTX5wuvE+dC0rMe6C5HAWL2fEOu/yzE=
github.com/gethugothemes/hugo-modules/gallery-slider v0.0.0-20250702070945-cd8319c6b26e h1:NgDMR7siU4Co054+OtF3mbm5LZxeILQM7RxGWZQWsFk=
github.com/gethugothemes/hugo-modules/gallery-slider v0.0.0-20250702070945-cd8319c6b26e/go.mod h1:MvQ2js/ofZ22CTX5wuvE+dC0rMe6C5HAWL2fEOu/yzE=
github.com/gethugothemes/hugo-modules/gzip-caching v0.0.0-20250224032326-8029694c1696 h1:F59zMXKUAN+0lJUUWj4mr69p/FC3JHsq8sIci2Gs+Fo=
github.com/gethugothemes/hugo-modules/gzip-caching v0.0.0-20250224032326-8029694c1696/go.mod h1:0ZMjTZVG4XLZU2/icc8Saqo4mmgMpfRTrUZU2Aa2Pwg=
github.com/gethugothemes/hugo-modules/gzip-caching v0.0.0-20250302032254-95e856a2b3fc h1:dYFcSXTPYlDhmYdo7ltjyjXQwaJ5e7rKcv/IDE5SM7E=
github.com/gethugothemes/hugo-modules/gzip-caching v0.0.0-20250302032254-95e856a2b3fc/go.mod h1:0ZMjTZVG4XLZU2/icc8Saqo4mmgMpfRTrUZU2Aa2Pwg=
github.com/gethugothemes/hugo-modules/gzip-caching v0.0.0-20250306074534-f5c3a047e69c h1:fFjJ7B540l3QPYQxRMSOkQX0Y1CTO9zKd/LgOfj/R5E=
github.com/gethugothemes/hugo-modules/gzip-caching v0.0.0-20250306074534-f5c3a047e69c/go.mod h1:0ZMjTZVG4XLZU2/icc8Saqo4mmgMpfRTrUZU2Aa2Pwg=
github.com/gethugothemes/hugo-modules/gzip-caching v0.0.0-20250702070945-cd8319c6b26e h1:LXPCTA8RsFXfcj8/jiIb2eY0WHFDQmJOeYUsJRsnJBk=
github.com/gethugothemes/hugo-modules/gzip-caching v0.0.0-20250702070945-cd8319c6b26e/go.mod h1:0ZMjTZVG4XLZU2/icc8Saqo4mmgMpfRTrUZU2Aa2Pwg=
github.com/gethugothemes/hugo-modules/icons/font-awesome v0.0.0-20250224032326-8029694c1696 h1:gS5yjNy0m7MDMnGqIiQFz1NrKo0aZp6AFBBi1ZZtOB0=
github.com/gethugothemes/hugo-modules/icons/font-awesome v0.0.0-20250224032326-8029694c1696/go.mod h1:d3gy1vQyfasPmGpau7HpQLrXbOv23PfXclSnjyOBxeU=
github.com/gethugothemes/hugo-modules/icons/font-awesome v0.0.0-20250302032254-95e856a2b3fc h1:DG8bKtCsxR2uZgPWU2xuLQ7rEvuxjYvMMk8/nKN/aSs=
github.com/gethugothemes/hugo-modules/icons/font-awesome v0.0.0-20250302032254-95e856a2b3fc/go.mod h1:d3gy1vQyfasPmGpau7HpQLrXbOv23PfXclSnjyOBxeU=
github.com/gethugothemes/hugo-modules/icons/font-awesome v0.0.0-20250306074534-f5c3a047e69c h1:mC+FC8/IrEU22jS0kGqEKNlWpojU5qaeJz3Yz0Vuvro=
github.com/gethugothemes/hugo-modules/icons/font-awesome v0.0.0-20250306074534-f5c3a047e69c/go.mod h1:d3gy1vQyfasPmGpau7HpQLrXbOv23PfXclSnjyOBxeU=
github.com/gethugothemes/hugo-modules/icons/font-awesome v0.0.0-20250702070945-cd8319c6b26e h1:G73VfYfePhAlt0OKW2LEzXRhfcgdbCdAod4eVmqsW3Y=
github.com/gethugothemes/hugo-modules/icons/font-awesome v0.0.0-20250702070945-cd8319c6b26e/go.mod h1:d3gy1vQyfasPmGpau7HpQLrXbOv23PfXclSnjyOBxeU=
github.com/gethugothemes/hugo-modules/images v0.0.0-20250224032326-8029694c1696 h1:OfcFRXrN9w0dVB1RBueNaoTzDqDgxRHmnyR1D4qkQ2s=
github.com/gethugothemes/hugo-modules/images v0.0.0-20250224032326-8029694c1696/go.mod h1:FKliP3qOW9diIcQeLtyZ0Hdhg3PL8bdAkC/6O+XtU90=
github.com/gethugothemes/hugo-modules/images v0.0.0-20250302032254-95e856a2b3fc h1:0xauS9kUi+2XJopYqvOglAm7QCjDP8OtDLjd0Wh/gkM=
github.com/gethugothemes/hugo-modules/images v0.0.0-20250302032254-95e856a2b3fc/go.mod h1:FKliP3qOW9diIcQeLtyZ0Hdhg3PL8bdAkC/6O+XtU90=
github.com/gethugothemes/hugo-modules/images v0.0.0-20250306074534-f5c3a047e69c h1:xbUi6JhjO39J+f5l0kn9TiHUXbjWJL0eQh5xruscm3g=
github.com/gethugothemes/hugo-modules/images v0.0.0-20250306074534-f5c3a047e69c/go.mod h1:FKliP3qOW9diIcQeLtyZ0Hdhg3PL8bdAkC/6O+XtU90=
github.com/gethugothemes/hugo-modules/images v0.0.0-20250702070945-cd8319c6b26e h1:qM7Y9IUOEXk+3D3cT4nIowJoEUhPKnaWuDLNKmDbo3g=
github.com/gethugothemes/hugo-modules/images v0.0.0-20250702070945-cd8319c6b26e/go.mod h1:FKliP3qOW9diIcQeLtyZ0Hdhg3PL8bdAkC/6O+XtU90=
github.com/gethugothemes/hugo-modules/modal v0.0.0-20250224032326-8029694c1696 h1:PEmzNR1E8HSwGljPl/QAwPfxNc01voUGYp0bFIyRSPM=
github.com/gethugothemes/hugo-modules/modal v0.0.0-20250224032326-8029694c1696/go.mod h1:Eb9v7oV6biymfvjcBhQdvgn0gUGYhUtfCMeOBLFpFsk=
github.com/gethugothemes/hugo-modules/modal v0.0.0-20250302032254-95e856a2b3fc h1:H90Z2WEysxqKRLdRhLuo/m0PlzTm3wRtpFkJb16xdLM=
github.com/gethugothemes/hugo-modules/modal v0.0.0-20250302032254-95e856a2b3fc/go.mod h1:Eb9v7oV6biymfvjcBhQdvgn0gUGYhUtfCMeOBLFpFsk=
github.com/gethugothemes/hugo-modules/modal v0.0.0-20250306074534-f5c3a047e69c h1:fpY27Trp6kVtQCFOrRpGq5Ql2nqWpn1jvwna3y4JOXc=
github.com/gethugothemes/hugo-modules/modal v0.0.0-20250306074534-f5c3a047e69c/go.mod h1:Eb9v7oV6biymfvjcBhQdvgn0gUGYhUtfCMeOBLFpFsk=
github.com/gethugothemes/hugo-modules/modal v0.0.0-20250702070945-cd8319c6b26e h1:wXVN//PTTdiLoaN/iOisiBNfLK5X4qb79XP0PtibgLY=
github.com/gethugothemes/hugo-modules/modal v0.0.0-20250702070945-cd8319c6b26e/go.mod h1:Eb9v7oV6biymfvjcBhQdvgn0gUGYhUtfCMeOBLFpFsk=
github.com/gethugothemes/hugo-modules/pwa v0.0.0-20250224032326-8029694c1696 h1:Wx9do1K3WY8Jj4srRe1FpuJHTYFwWSPucQ8Z+horU1g=
github.com/gethugothemes/hugo-modules/pwa v0.0.0-20250224032326-8029694c1696/go.mod h1:TRv7iszdfo37O1PbBEE+S8X/enAdpRIxK5DGrp13Qbo=
github.com/gethugothemes/hugo-modules/pwa v0.0.0-20250302032254-95e856a2b3fc h1:Up1SggIGkJCzRdkPY1wx4S16Dl4gWlIzsj4/DJpKgWk=
github.com/gethugothemes/hugo-modules/pwa v0.0.0-20250302032254-95e856a2b3fc/go.mod h1:TRv7iszdfo37O1PbBEE+S8X/enAdpRIxK5DGrp13Qbo=
github.com/gethugothemes/hugo-modules/pwa v0.0.0-20250306074534-f5c3a047e69c h1:4KRNS7Ha9awHY7guL2x0Dxcb+U3pel9MGo31vhKUTck=
github.com/gethugothemes/hugo-modules/pwa v0.0.0-20250306074534-f5c3a047e69c/go.mod h1:TRv7iszdfo37O1PbBEE+S8X/enAdpRIxK5DGrp13Qbo=
github.com/gethugothemes/hugo-modules/pwa v0.0.0-20250702070945-cd8319c6b26e h1:2H9ZMpna5lgtEKjgOZfxB6yfcmcBArALMaZefS4sn00=
github.com/gethugothemes/hugo-modules/pwa v0.0.0-20250702070945-cd8319c6b26e/go.mod h1:TRv7iszdfo37O1PbBEE+S8X/enAdpRIxK5DGrp13Qbo=
github.com/gethugothemes/hugo-modules/search v0.0.0-20250224032326-8029694c1696 h1:IW5cWmRP9pUD/AsRnXmj5moiTO1iWC/EnpA1LrlxPww=
github.com/gethugothemes/hugo-modules/search v0.0.0-20250224032326-8029694c1696/go.mod h1:tmDvLaZCM+QDvS/WLZXNjY1QTdWh7/68D2wIToECbyA=
github.com/gethugothemes/hugo-modules/search v0.0.0-20250302032254-95e856a2b3fc h1:3UHgJ5w7FmCE8yarRTDvIs3T5Di3OxMj7Pyt3nULQw0=
github.com/gethugothemes/hugo-modules/search v0.0.0-20250302032254-95e856a2b3fc/go.mod h1:tmDvLaZCM+QDvS/WLZXNjY1QTdWh7/68D2wIToECbyA=
github.com/gethugothemes/hugo-modules/search v0.0.0-20250306074534-f5c3a047e69c h1:ihF222erK9TTZ6fGOK4vIv63hn4b1Y+g7Owo2pw1l/4=
github.com/gethugothemes/hugo-modules/search v0.0.0-20250306074534-f5c3a047e69c/go.mod h1:tmDvLaZCM+QDvS/WLZXNjY1QTdWh7/68D2wIToECbyA=
github.com/gethugothemes/hugo-modules/search v0.0.0-20250702070945-cd8319c6b26e h1:hLKMUYvM/pvklGw1Z4p4EBduZ+skdPBnYx/LABO1D4E=
github.com/gethugothemes/hugo-modules/search v0.0.0-20250702070945-cd8319c6b26e/go.mod h1:tmDvLaZCM+QDvS/WLZXNjY1QTdWh7/68D2wIToECbyA=
github.com/gethugothemes/hugo-modules/seo-tools/basic-seo v0.0.0-20250224032326-8029694c1696 h1:18hdmO3v7dJUA/SlSEw4Ot5Hkr0uJP0dn3bLZkNrrRM=
github.com/gethugothemes/hugo-modules/seo-tools/basic-seo v0.0.0-20250224032326-8029694c1696/go.mod h1:Q8dPgjamV7pxwKSQyWV21Xwh5CGi23/k+M8HPTphYbs=
github.com/gethugothemes/hugo-modules/seo-tools/basic-seo v0.0.0-20250302032254-95e856a2b3fc h1:GW7MeS+aGFxcJdunDSUvwA3CMKjDmF/KOrg7uQOp0h0=
github.com/gethugothemes/hugo-modules/seo-tools/basic-seo v0.0.0-20250302032254-95e856a2b3fc/go.mod h1:Q8dPgjamV7pxwKSQyWV21Xwh5CGi23/k+M8HPTphYbs=
github.com/gethugothemes/hugo-modules/seo-tools/basic-seo v0.0.0-20250306074534-f5c3a047e69c h1:i7oZ76sqpw4MT86+N0Gy090NCotRg9yBVibzToQrHeI=
github.com/gethugothemes/hugo-modules/seo-tools/basic-seo v0.0.0-20250306074534-f5c3a047e69c/go.mod h1:Q8dPgjamV7pxwKSQyWV21Xwh5CGi23/k+M8HPTphYbs=
github.com/gethugothemes/hugo-modules/seo-tools/basic-seo v0.0.0-20250702070945-cd8319c6b26e h1:cQYmFwZ2+vlhzrz2FK5tSDy9/XbnxmSFIO6JMkfmXs4=
github.com/gethugothemes/hugo-modules/seo-tools/basic-seo v0.0.0-20250702070945-cd8319c6b26e/go.mod h1:Q8dPgjamV7pxwKSQyWV21Xwh5CGi23/k+M8HPTphYbs=
github.com/gethugothemes/hugo-modules/seo-tools/google-tag-manager v0.0.0-20250224032326-8029694c1696 h1:0GmC04ywPQSG45uGQ6hfUId2PaZSFz8t2BmnxDQ0HrI=
github.com/gethugothemes/hugo-modules/seo-tools/google-tag-manager v0.0.0-20250224032326-8029694c1696/go.mod h1:cCq50yd55eFTrpqOfeyOK5X0hU5E7qxsqOD7IzTsgLA=
github.com/gethugothemes/hugo-modules/seo-tools/google-tag-manager v0.0.0-20250302032254-95e856a2b3fc h1:Aq4WVh0iwlFgCeKtievcmXhK0PQGQBYsxkfIzlxQ9Is=
github.com/gethugothemes/hugo-modules/seo-tools/google-tag-manager v0.0.0-20250302032254-95e856a2b3fc/go.mod h1:cCq50yd55eFTrpqOfeyOK5X0hU5E7qxsqOD7IzTsgLA=
github.com/gethugothemes/hugo-modules/seo-tools/google-tag-manager v0.0.0-20250306074534-f5c3a047e69c h1:tntwWR/B+PB1v36Lb+F5karrQ8DStdUaTypon2iAj+c=
github.com/gethugothemes/hugo-modules/seo-tools/google-tag-manager v0.0.0-20250306074534-f5c3a047e69c/go.mod h1:cCq50yd55eFTrpqOfeyOK5X0hU5E7qxsqOD7IzTsgLA=
github.com/gethugothemes/hugo-modules/seo-tools/google-tag-manager v0.0.0-20250702070945-cd8319c6b26e h1:+xtmpzJdZmSDbGtGx3hyLlz/8Z+EsCK0dDNZlSDTyBE=
github.com/gethugothemes/hugo-modules/seo-tools/google-tag-manager v0.0.0-20250702070945-cd8319c6b26e/go.mod h1:cCq50yd55eFTrpqOfeyOK5X0hU5E7qxsqOD7IzTsgLA=
github.com/gethugothemes/hugo-modules/seo-tools/site-verifications v0.0.0-20250224032326-8029694c1696 h1:e5Wbc/rWXbn+3D3c0IK+SlgtqoGyIcBEu64FpXyeP8s=
github.com/gethugothemes/hugo-modules/seo-tools/site-verifications v0.0.0-20250224032326-8029694c1696/go.mod h1:iXielaya126qJscz7Bc2G2WB91moloQOoWru6UoBUyE=
github.com/gethugothemes/hugo-modules/seo-tools/site-verifications v0.0.0-20250302032254-95e856a2b3fc h1:JRe34bT+0QE3xlq4BIdfzhJ4+Z3Yy7zorcDqw+AmSiA=
github.com/gethugothemes/hugo-modules/seo-tools/site-verifications v0.0.0-20250302032254-95e856a2b3fc/go.mod h1:iXielaya126qJscz7Bc2G2WB91moloQOoWru6UoBUyE=
github.com/gethugothemes/hugo-modules/seo-tools/site-verifications v0.0.0-20250306074534-f5c3a047e69c h1:xrK2hP8W7ULNU1aXNU7dsIErDxcOMb72ofPBzgwmU7Y=
github.com/gethugothemes/hugo-modules/seo-tools/site-verifications v0.0.0-20250306074534-f5c3a047e69c/go.mod h1:iXielaya126qJscz7Bc2G2WB91moloQOoWru6UoBUyE=
github.com/gethugothemes/hugo-modules/seo-tools/site-verifications v0.0.0-20250702070945-cd8319c6b26e h1:T7z6lO/lTCC0Fmolj5oAzF1dUMZBeDwOWW64HS4aujA=
github.com/gethugothemes/hugo-modules/seo-tools/site-verifications v0.0.0-20250702070945-cd8319c6b26e/go.mod h1:iXielaya126qJscz7Bc2G2WB91moloQOoWru6UoBUyE=
github.com/gethugothemes/hugo-modules/shortcodes/button v0.0.0-20250224032326-8029694c1696 h1:HwYRYiPE70moPAuckyqfJD0jm4LN0spnWD4S9utN45s=
github.com/gethugothemes/hugo-modules/shortcodes/button v0.0.0-20250224032326-8029694c1696/go.mod h1:MSvxGvjvcGUKTs6YMATU/9kYFrzW+VSVdy4CCOQLdsY=
github.com/gethugothemes/hugo-modules/shortcodes/button v0.0.0-20250302032254-95e856a2b3fc h1:Nvu0cVQafVqsuUjwFm0+B72P7aNY/N1NYIIb36vLFsA=
github.com/gethugothemes/hugo-modules/shortcodes/button v0.0.0-20250302032254-95e856a2b3fc/go.mod h1:MSvxGvjvcGUKTs6YMATU/9kYFrzW+VSVdy4CCOQLdsY=
github.com/gethugothemes/hugo-modules/shortcodes/button v0.0.0-20250306074534-f5c3a047e69c h1:NgEBbh+Koth5T0fd2oyIfMWaIaCPfbVR+F2BZWLq0sM=
github.com/gethugothemes/hugo-modules/shortcodes/button v0.0.0-20250306074534-f5c3a047e69c/go.mod h1:MSvxGvjvcGUKTs6YMATU/9kYFrzW+VSVdy4CCOQLdsY=
github.com/gethugothemes/hugo-modules/shortcodes/button v0.0.0-20250702070945-cd8319c6b26e h1:Smgl9VRE+TEvRQ4jYsR4wfnyOX2abq0TYftGJF6sSmA=
github.com/gethugothemes/hugo-modules/shortcodes/button v0.0.0-20250702070945-cd8319c6b26e/go.mod h1:MSvxGvjvcGUKTs6YMATU/9kYFrzW+VSVdy4CCOQLdsY=
github.com/gethugothemes/hugo-modules/shortcodes/notice v0.0.0-20250224032326-8029694c1696 h1:rzdXBT4STIgxFwmEn6DEu5Jv0e6JgI4ZZO7KE+VROdY=
github.com/gethugothemes/hugo-modules/shortcodes/notice v0.0.0-20250224032326-8029694c1696/go.mod h1:ljWyMJx82WA+6SlKjbGFhEdxcriyvUTCjXkJHDa4lho=
github.com/gethugothemes/hugo-modules/shortcodes/notice v0.0.0-20250302032254-95e856a2b3fc h1:itgX6lOvYL8ZJ/1zgku0oFXIdc+7hbpIKRRddi+tx0Y=
github.com/gethugothemes/hugo-modules/shortcodes/notice v0.0.0-20250302032254-95e856a2b3fc/go.mod h1:ljWyMJx82WA+6SlKjbGFhEdxcriyvUTCjXkJHDa4lho=
github.com/gethugothemes/hugo-modules/shortcodes/notice v0.0.0-20250306074534-f5c3a047e69c h1:25ei9oeHd/rXXrSCtSHdriokprEsE0eVetkivYUT3Oc=
github.com/gethugothemes/hugo-modules/shortcodes/notice v0.0.0-20250306074534-f5c3a047e69c/go.mod h1:ljWyMJx82WA+6SlKjbGFhEdxcriyvUTCjXkJHDa4lho=
github.com/gethugothemes/hugo-modules/shortcodes/notice v0.0.0-20250702070945-cd8319c6b26e h1:PSRioId6cJ+niztdLkbGyxpuu4YETRTau8e7KvlZYlo=
github.com/gethugothemes/hugo-modules/shortcodes/notice v0.0.0-20250702070945-cd8319c6b26e/go.mod h1:ljWyMJx82WA+6SlKjbGFhEdxcriyvUTCjXkJHDa4lho=
github.com/gethugothemes/hugo-modules/tab v0.0.0-20250224032326-8029694c1696 h1:j5ptEPZFjoCsm+xf/nzVABhTDgvOSoJWCMxL5g5rn5g=
github.com/gethugothemes/hugo-modules/tab v0.0.0-20250224032326-8029694c1696/go.mod h1:h3UxlxrFoU19JldxWLPBKaTZFe3AJtABrqo1wfxr+Ng=
github.com/gethugothemes/hugo-modules/tab v0.0.0-20250302032254-95e856a2b3fc h1:VipAxat3zrRf0O+Bbm6iwHzwK57ESZF5U3HUhQQwfp0=
github.com/gethugothemes/hugo-modules/tab v0.0.0-20250302032254-95e856a2b3fc/go.mod h1:h3UxlxrFoU19JldxWLPBKaTZFe3AJtABrqo1wfxr+Ng=
github.com/gethugothemes/hugo-modules/tab v0.0.0-20250306074534-f5c3a047e69c h1:sWWIEzae9RHx6kieAi9ngn96HfOHQIjIQtSCTfC22m8=
github.com/gethugothemes/hugo-modules/tab v0.0.0-20250306074534-f5c3a047e69c/go.mod h1:h3UxlxrFoU19JldxWLPBKaTZFe3AJtABrqo1wfxr+Ng=
github.com/gethugothemes/hugo-modules/tab v0.0.0-20250702070945-cd8319c6b26e h1:9Lo06KpXEKlMeFzjHKukNQ/WHOCRIJw9bQs9q/HXyiQ=
github.com/gethugothemes/hugo-modules/tab v0.0.0-20250702070945-cd8319c6b26e/go.mod h1:h3UxlxrFoU19JldxWLPBKaTZFe3AJtABrqo1wfxr+Ng=
github.com/gethugothemes/hugo-modules/table-of-contents v0.0.0-20250224032326-8029694c1696 h1:yMdE4QagHHJdx08myDiuaSmNpRt+CAMj7Uewr80lARs=
github.com/gethugothemes/hugo-modules/table-of-contents v0.0.0-20250224032326-8029694c1696/go.mod h1:bEDw4veccQQQYEdVrfu13ATRUWfW8ptDIjJZuhYh4Tw=
github.com/gethugothemes/hugo-modules/table-of-contents v0.0.0-20250302032254-95e856a2b3fc h1:/pYfUCg5m9D+7MxX8nkpGjKsmzeC0D2CE47xTFJfKzE=
github.com/gethugothemes/hugo-modules/table-of-contents v0.0.0-20250302032254-95e856a2b3fc/go.mod h1:bEDw4veccQQQYEdVrfu13ATRUWfW8ptDIjJZuhYh4Tw=
github.com/gethugothemes/hugo-modules/table-of-contents v0.0.0-20250306074534-f5c3a047e69c h1:kH5cz2z90PjaUbQLuOFiuaNKPZKByqfXQ35WmWo4QdI=
github.com/gethugothemes/hugo-modules/table-of-contents v0.0.0-20250306074534-f5c3a047e69c/go.mod h1:bEDw4veccQQQYEdVrfu13ATRUWfW8ptDIjJZuhYh4Tw=
github.com/gethugothemes/hugo-modules/table-of-contents v0.0.0-20250702070945-cd8319c6b26e h1:sJVrddl6FiCLU9ihb1LIXUHbvQi2MtBZYp5pwOmxYjM=
github.com/gethugothemes/hugo-modules/table-of-contents v0.0.0-20250702070945-cd8319c6b26e/go.mod h1:bEDw4veccQQQYEdVrfu13ATRUWfW8ptDIjJZuhYh4Tw=
github.com/gethugothemes/hugo-modules/videos v0.0.0-20250224032326-8029694c1696 h1:EoR5+Qa1159MnKj/ivxVKFv3FVvoMOZPOsaDOozeW/w=
github.com/gethugothemes/hugo-modules/videos v0.0.0-20250224032326-8029694c1696/go.mod h1:P722lLWdnNhdZVq6gvMrOLqECUwrAYQWaOWlChta5H0=
github.com/gethugothemes/hugo-modules/videos v0.0.0-20250302032254-95e856a2b3fc h1:utXSKyHGiDowGvMiq/xVIayaOjVsX9S3Mv5r1kuo72s=
github.com/gethugothemes/hugo-modules/videos v0.0.0-20250302032254-95e856a2b3fc/go.mod h1:P722lLWdnNhdZVq6gvMrOLqECUwrAYQWaOWlChta5H0=
github.com/gethugothemes/hugo-modules/videos v0.0.0-20250306074534-f5c3a047e69c h1:O2QVyGn0tnNIyGwsd8r8RBfJDQ8xpPAyH6n2+5UPOe0=
github.com/gethugothemes/hugo-modules/videos v0.0.0-20250306074534-f5c3a047e69c/go.mod h1:P722lLWdnNhdZVq6gvMrOLqECUwrAYQWaOWlChta5H0=
github.com/gethugothemes/hugo-modules/videos v0.0.0-20250702070945-cd8319c6b26e h1:tOnlYxVEet334mwKNlUmPVEOLKNJpy3/IRhegSI9ItE=
github.com/gethugothemes/hugo-modules/videos v0.0.0-20250702070945-cd8319c6b26e/go.mod h1:P722lLWdnNhdZVq6gvMrOLqECUwrAYQWaOWlChta5H0=
github.com/hugomods/mermaid v0.1.4 h1:/u0FZRSBMpqTbDh4XPBL7c6p0DUjvIkoo9cC89GASSI=
github.com/hugomods/mermaid v0.1.4/go.mod h1:GOID2Ko1vdrX03ZMaFNQL/vdTU1tZmGcVjOgBN8O42Y=
github.com/zeon-studio/hugoplate v0.0.0-20250223033942-a028ddccd6e2 h1:Norh4AYxZtIugm4iglykN3YGdaZQ591wz5/8r3Q3hTI=
github.com/zeon-studio/hugoplate v0.0.0-20250223033942-a028ddccd6e2/go.mod h1:YlRIwdTWidquf1dhtx+mDfu0I3KVrVQB4wi4UmHlK3E=
github.com/zeon-studio/hugoplate v0.0.0-20250224110203-fc34a4a17686 h1:D2ud3LF7qtuxiTPiZWU4Wtam8zujhoiNKs07s02xYok=
github.com/zeon-studio/hugoplate v0.0.0-20250224110203-fc34a4a17686/go.mod h1:YlRIwdTWidquf1dhtx+mDfu0I3KVrVQB4wi4UmHlK3E=
github.com/zeon-studio/hugoplate v0.0.0-20250302033712-b9809a22d1b7 h1:Ci3jnwG4jkNN452SNDgqtWJ33s/s6ZvlG4uK8CDZczs=
github.com/zeon-studio/hugoplate v0.0.0-20250302033712-b9809a22d1b7/go.mod h1:YlRIwdTWidquf1dhtx+mDfu0I3KVrVQB4wi4UmHlK3E=
github.com/zeon-studio/hugoplate v0.0.0-20250515111713-349436c8d33b h1:Xx1+MUOBpCVoi3gQpwY70x/6gZR1YqezVIHXbFXI8wA=
github.com/zeon-studio/hugoplate v0.0.0-20250515111713-349436c8d33b/go.mod h1:YlRIwdTWidquf1dhtx+mDfu0I3KVrVQB4wi4UmHlK3E=
